// !$*UTF8*$!
{
	archiveVersion = 1;
	classes = {
	};
	objectVersion = 55;
	objects = {

/* Begin PBXBuildFile section */
		63042D93297A5E130065C8A7 /* API.swift in Sources */ = {isa = PBXBuildFile; fileRef = 63042D92297A5E130065C8A7 /* API.swift */; };
		63CAD07F29763724003F96FD /* AppDelegate.swift in Sources */ = {isa = PBXBuildFile; fileRef = 63CAD07E29763724003F96FD /* AppDelegate.swift */; };
		63CAD08129763724003F96FD /* SceneDelegate.swift in Sources */ = {isa = PBXBuildFile; fileRef = 63CAD08029763724003F96FD /* SceneDelegate.swift */; };
		63CAD08629763724003F96FD /* Main.storyboard in Resources */ = {isa = PBXBuildFile; fileRef = 63CAD08429763724003F96FD /* Main.storyboard */; };
		63CAD08829763726003F96FD /* Assets.xcassets in Resources */ = {isa = PBXBuildFile; fileRef = 63CAD08729763726003F96FD /* Assets.xcassets */; };
		63CAD08B29763726003F96FD /* LaunchScreen.storyboard in Resources */ = {isa = PBXBuildFile; fileRef = 63CAD08929763726003F96FD /* LaunchScreen.storyboard */; };
		63CAD096297637F0003F96FD /* ListViewController.swift in Sources */ = {isa = PBXBuildFile; fileRef = 63CAD095297637F0003F96FD /* ListViewController.swift */; };
		63CAD09829763827003F96FD /* DetailViewController.swift in Sources */ = {isa = PBXBuildFile; fileRef = 63CAD09729763827003F96FD /* DetailViewController.swift */; };
		63CAD09E29765F0A003F96FD /* NetworkManager.swift in Sources */ = {isa = PBXBuildFile; fileRef = 63CAD09D29765F0A003F96FD /* NetworkManager.swift */; };
		63CAD0A029766A2C003F96FD /* PrepareStruct.swift in Sources */ = {isa = PBXBuildFile; fileRef = 63CAD09F29766A2C003F96FD /* PrepareStruct.swift */; };
/* End PBXBuildFile section */

/* Begin PBXFileReference section */
		63042D92297A5E130065C8A7 /* API.swift */ = {isa = PBXFileReference; lastKnownFileType = sourcecode.swift; path = API.swift; sourceTree = "<group>"; };
		63CAD07B29763724003F96FD /* WeatherOfCities.app */ = {isa = PBXFileReference; explicitFileType = wrapper.application; includeInIndex = 0; path = WeatherOfCities.app; sourceTree = BUILT_PRODUCTS_DIR; };
		63CAD07E29763724003F96FD /* AppDelegate.swift */ = {isa = PBXFileReference; lastKnownFileType = sourcecode.swift; path = AppDelegate.swift; sourceTree = "<group>"; };
		63CAD08029763724003F96FD /* SceneDelegate.swift */ = {isa = PBXFileReference; lastKnownFileType = sourcecode.swift; path = SceneDelegate.swift; sourceTree = "<group>"; };
		63CAD08529763724003F96FD /* Base */ = {isa = PBXFileReference; lastKnownFileType = file.storyboard; name = Base; path = Base.lproj/Main.storyboard; sourceTree = "<group>"; };
		63CAD08729763726003F96FD /* Assets.xcassets */ = {isa = PBXFileReference; lastKnownFileType = folder.assetcatalog; path = Assets.xcassets; sourceTree = "<group>"; };
		63CAD08A29763726003F96FD /* Base */ = {isa = PBXFileReference; lastKnownFileType = file.storyboard; name = Base; path = Base.lproj/LaunchScreen.storyboard; sourceTree = "<group>"; };
		63CAD08C29763726003F96FD /* Info.plist */ = {isa = PBXFileReference; lastKnownFileType = text.plist.xml; path = Info.plist; sourceTree = "<group>"; };
		63CAD095297637F0003F96FD /* ListViewController.swift */ = {isa = PBXFileReference; lastKnownFileType = sourcecode.swift; path = ListViewController.swift; sourceTree = "<group>"; };
		63CAD09729763827003F96FD /* DetailViewController.swift */ = {isa = PBXFileReference; lastKnownFileType = sourcecode.swift; path = DetailViewController.swift; sourceTree = "<group>"; };
		63CAD09D29765F0A003F96FD /* NetworkManager.swift */ = {isa = PBXFileReference; lastKnownFileType = sourcecode.swift; path = NetworkManager.swift; sourceTree = "<group>"; };
		63CAD09F29766A2C003F96FD /* PrepareStruct.swift */ = {isa = PBXFileReference; lastKnownFileType = sourcecode.swift; path = PrepareStruct.swift; sourceTree = "<group>"; };
/* End PBXFileReference section */

/* Begin PBXFrameworksBuildPhase section */
		63CAD07829763724003F96FD /* Frameworks */ = {
			isa = PBXFrameworksBuildPhase;
			buildActionMask = 2147483647;
			files = (
			);
			runOnlyForDeploymentPostprocessing = 0;
		};
/* End PBXFrameworksBuildPhase section */

/* Begin PBXGroup section */
		63CAD07229763724003F96FD = {
			isa = PBXGroup;
			children = (
				63CAD07D29763724003F96FD /* WeatherOfCities */,
				63CAD07C29763724003F96FD /* Products */,
			);
			sourceTree = "<group>";
		};
		63CAD07C29763724003F96FD /* Products */ = {
			isa = PBXGroup;
			children = (
				63CAD07B29763724003F96FD /* WeatherOfCities.app */,
			);
			name = Products;
			sourceTree = "<group>";
		};
		63CAD07D29763724003F96FD /* WeatherOfCities */ = {
			isa = PBXGroup;
			children = (
				63CAD08C29763726003F96FD /* Info.plist */,
				63CAD09C29765EE8003F96FD /* Network */,
				63CAD093297637BD003F96FD /* View */,
				63CAD094297637D4003F96FD /* Controllers */,
				63CAD092297637AB003F96FD /* Helpers */,
			);
			path = WeatherOfCities;
			sourceTree = "<group>";
		};
		63CAD092297637AB003F96FD /* Helpers */ = {
			isa = PBXGroup;
			children = (
				63CAD08029763724003F96FD /* SceneDelegate.swift */,
				63CAD08729763726003F96FD /* Assets.xcassets */,
				63CAD07E29763724003F96FD /* AppDelegate.swift */,
			);
			path = Helpers;
			sourceTree = "<group>";
		};
		63CAD093297637BD003F96FD /* View */ = {
			isa = PBXGroup;
			children = (
				63CAD08429763724003F96FD /* Main.storyboard */,
				63CAD08929763726003F96FD /* LaunchScreen.storyboard */,
			);
			path = View;
			sourceTree = "<group>";
		};
		63CAD094297637D4003F96FD /* Controllers */ = {
			isa = PBXGroup;
			children = (
				63CAD095297637F0003F96FD /* ListViewController.swift */,
				63CAD09729763827003F96FD /* DetailViewController.swift */,
			);
			path = Controllers;
			sourceTree = "<group>";
		};
		63CAD09C29765EE8003F96FD /* Network */ = {
			isa = PBXGroup;
			children = (
				63CAD09D29765F0A003F96FD /* NetworkManager.swift */,
				63CAD09F29766A2C003F96FD /* PrepareStruct.swift */,
				63042D92297A5E130065C8A7 /* API.swift */,
			);
			path = Network;
			sourceTree = "<group>";
		};
/* End PBXGroup section */

/* Begin PBXNativeTarget section */
		63CAD07A29763724003F96FD /* WeatherOfCities */ = {
			isa = PBXNativeTarget;
			buildConfigurationList = 63CAD08F29763726003F96FD /* Build configuration list for PBXNativeTarget "WeatherOfCities" */;
			buildPhases = (
				63CAD07729763724003F96FD /* Sources */,
				63CAD07829763724003F96FD /* Frameworks */,
				63CAD07929763724003F96FD /* Resources */,
			);
			buildRules = (
			);
			dependencies = (
			);
			name = WeatherOfCities;
			productName = WeatherOfCities;
			productReference = 63CAD07B29763724003F96FD /* WeatherOfCities.app */;
			productType = "com.apple.product-type.application";
		};
/* End PBXNativeTarget section */

/* Begin PBXProject section */
		63CAD07329763724003F96FD /* Project object */ = {
			isa = PBXProject;
			attributes = {
				BuildIndependentTargetsInParallel = 1;
				LastSwiftUpdateCheck = 1320;
				LastUpgradeCheck = 1320;
				TargetAttributes = {
					63CAD07A29763724003F96FD = {
						CreatedOnToolsVersion = 13.2.1;
					};
				};
			};
			buildConfigurationList = 63CAD07629763724003F96FD /* Build configuration list for PBXProject "WeatherOfCities" */;
			compatibilityVersion = "Xcode 13.0";
			developmentRegion = en;
			hasScannedForEncodings = 0;
			knownRegions = (
				en,
				Base,
			);
			mainGroup = 63CAD07229763724003F96FD;
			productRefGroup = 63CAD07C29763724003F96FD /* Products */;
			projectDirPath = "";
			projectRoot = "";
			targets = (
				63CAD07A29763724003F96FD /* WeatherOfCities */,
			);
		};
/* End PBXProject section */

/* Begin PBXResourcesBuildPhase section */
		63CAD07929763724003F96FD /* Resources */ = {
			isa = PBXResourcesBuildPhase;
			buildActionMask = 2147483647;
			files = (
				63CAD08B29763726003F96FD /* LaunchScreen.storyboard in Resources */,
				63CAD08829763726003F96FD /* Assets.xcassets in Resources */,
				63CAD08629763724003F96FD /* Main.storyboard in Resources */,
			);
			runOnlyForDeploymentPostprocessing = 0;
		};
/* End PBXResourcesBuildPhase section */

/* Begin PBXSourcesBuildPhase section */
		63CAD07729763724003F96FD /* Sources */ = {
			isa = PBXSourcesBuildPhase;
			buildActionMask = 2147483647;
			files = (
				63CAD09E29765F0A003F96FD /* NetworkManager.swift in Sources */,
				63CAD07F29763724003F96FD /* AppDelegate.swift in Sources */,
				63CAD08129763724003F96FD /* SceneDelegate.swift in Sources */,
				63CAD096297637F0003F96FD /* ListViewController.swift in Sources */,
				63CAD09829763827003F96FD /* DetailViewController.swift in Sources */,
				63042D93297A5E130065C8A7 /* API.swift in Sources */,
				63CAD0A029766A2C003F96FD /* PrepareStruct.swift in Sources */,
			);
			runOnlyForDeploymentPostprocessing = 0;
		};
/* End PBXSourcesBuildPhase section */

/* Begin PBXVariantGroup section */
		63CAD08429763724003F96FD /* Main.storyboard */ = {
			isa = PBXVariantGroup;
			children = (
				63CAD08529763724003F96FD /* Base */,
			);
			name = Main.storyboard;
			sourceTree = "<group>";
		};
		63CAD08929763726003F96FD /* LaunchScreen.storyboard */ = {
			isa = PBXVariantGroup;
			children = (
				63CAD08A29763726003F96FD /* Base */,
			);
			name = LaunchScreen.storyboard;
			sourceTree = "<group>";
		};
/* End PBXVariantGroup section */

/* Begin XCBuildConfiguration section */
		63CAD08D29763726003F96FD /* Debug */ = {
			isa = XCBuildConfiguration;
			buildSettings = {
				ALWAYS_SEARCH_USER_PATHS = NO;
				CLANG_ANALYZER_NONNULL = YES;
				CLANG_ANALYZER_NUMBER_OBJECT_CONVERSION = YES_AGGRESSIVE;
				CLANG_CXX_LANGUAGE_STANDARD = "gnu++17";
				CLANG_CXX_LIBRARY = "libc++";
				CLANG_ENABLE_MODULES = YES;
				CLANG_ENABLE_OBJC_ARC = YES;
				CLANG_ENABLE_OBJC_WEAK = YES;
				CLANG_WARN_BLOCK_CAPTURE_AUTORELEASING = YES;
				CLANG_WARN_BOOL_CONVERSION = YES;
				CLANG_WARN_COMMA = YES;
				CLANG_WARN_CONSTANT_CONVERSION = YES;
				CLANG_WARN_DEPRECATED_OBJC_IMPLEMENTATIONS = YES;
				CLANG_WARN_DIRECT_OBJC_ISA_USAGE = YES_ERROR;
				CLANG_WARN_DOCUMENTATION_COMMENTS = YES;
				CLANG_WARN_EMPTY_BODY = YES;
				CLANG_WARN_ENUM_CONVERSION = YES;
				CLANG_WARN_INFINITE_RECURSION = YES;
				CLANG_WARN_INT_CONVERSION = YES;
				CLANG_WARN_NON_LITERAL_NULL_CONVERSION = YES;
				CLANG_WARN_OBJC_IMPLICIT_RETAIN_SELF = YES;
				CLANG_WARN_OBJC_LITERAL_CONVERSION = YES;
				CLANG_WARN_OBJC_ROOT_CLASS = YES_ERROR;
				CLANG_WARN_QUOTED_INCLUDE_IN_FRAMEWORK_HEADER = YES;
				CLANG_WARN_RANGE_LOOP_ANALYSIS = YES;
				CLANG_WARN_STRICT_PROTOTYPES = YES;
				CLANG_WARN_SUSPICIOUS_MOVE = YES;
				CLANG_WARN_UNGUARDED_AVAILABILITY = YES_AGGRESSIVE;
				CLANG_WARN_UNREACHABLE_CODE = YES;
				CLANG_WARN__DUPLICATE_METHOD_MATCH = YES;
				COPY_PHASE_STRIP = NO;
				DEBUG_INFORMATION_FORMAT = dwarf;
				ENABLE_STRICT_OBJC_MSGSEND = YES;
				ENABLE_TESTABILITY = YES;
				GCC_C_LANGUAGE_STANDARD = gnu11;
				GCC_DYNAMIC_NO_PIC = NO;
				GCC_NO_COMMON_BLOCKS = YES;
				GCC_OPTIMIZATION_LEVEL = 0;
				GCC_PREPROCESSOR_DEFINITIONS = (
					"DEBUG=1",
					"$(inherited)",
				);
				GCC_WARN_64_TO_32_BIT_CONVERSION = YES;
				GCC_WARN_ABOUT_RETURN_TYPE = YES_ERROR;
				GCC_WARN_UNDECLARED_SELECTOR = YES;
				GCC_WARN_UNINITIALIZED_AUTOS = YES_AGGRESSIVE;
				GCC_WARN_UNUSED_FUNCTION = YES;
				GCC_WARN_UNUSED_VARIABLE = YES;
				IPHONEOS_DEPLOYMENT_TARGET = 15.2;
				MTL_ENABLE_DEBUG_INFO = INCLUDE_SOURCE;
				MTL_FAST_MATH = YES;
				ONLY_ACTIVE_ARCH = YES;
				SDKROOT = iphoneos;
				SWIFT_ACTIVE_COMPILATION_CONDITIONS = DEBUG;
				SWIFT_OPTIMIZATION_LEVEL = "-Onone";
			};
			name = Debug;
		};
		63CAD08E29763726003F96FD /* Release */ = {
			isa = XCBuildConfiguration;
			buildSettings = {
				ALWAYS_SEARCH_USER_PATHS = NO;
				CLANG_ANALYZER_NONNULL = YES;
				CLANG_ANALYZER_NUMBER_OBJECT_CONVERSION = YES_AGGRESSIVE;
				CLANG_CXX_LANGUAGE_STANDARD = "gnu++17";
				CLANG_CXX_LIBRARY = "libc++";
				CLANG_ENABLE_MODULES = YES;
				CLANG_ENABLE_OBJC_ARC = YES;
				CLANG_ENABLE_OBJC_WEAK = YES;
				CLANG_WARN_BLOCK_CAPTURE_AUTORELEASING = YES;
				CLANG_WARN_BOOL_CONVERSION = YES;
				CLANG_WARN_COMMA = YES;
				CLANG_WARN_CONSTANT_CONVERSION = YES;
				CLANG_WARN_DEPRECATED_OBJC_IMPLEMENTATIONS = YES;
				CLANG_WARN_DIRECT_OBJC_ISA_USAGE = YES_ERROR;
				CLANG_WARN_DOCUMENTATION_COMMENTS = YES;
				CLANG_WARN_EMPTY_BODY = YES;
				CLANG_WARN_ENUM_CONVERSION = YES;
				CLANG_WARN_INFINITE_RECURSION = YES;
				CLANG_WARN_INT_CONVERSION = YES;
				CLANG_WARN_NON_LITERAL_NULL_CONVERSION = YES;
				CLANG_WARN_OBJC_IMPLICIT_RETAIN_SELF = YES;
				CLANG_WARN_OBJC_LITERAL_CONVERSION = YES;
				CLANG_WARN_OBJC_ROOT_CLASS = YES_ERROR;
				CLANG_WARN_QUOTED_INCLUDE_IN_FRAMEWORK_HEADER = YES;
				CLANG_WARN_RANGE_LOOP_ANALYSIS = YES;
				CLANG_WARN_STRICT_PROTOTYPES = YES;
				CLANG_WARN_SUSPICIOUS_MOVE = YES;
				CLANG_WARN_UNGUARDED_AVAILABILITY = YES_AGGRESSIVE;
				CLANG_WARN_UNREACHABLE_CODE = YES;
				CLANG_WARN__DUPLICATE_METHOD_MATCH = YES;
				COPY_PHASE_STRIP = NO;
				DEBUG_INFORMATION_FORMAT = "dwarf-with-dsym";
				ENABLE_NS_ASSERTIONS = NO;
				ENABLE_STRICT_OBJC_MSGSEND = YES;
				GCC_C_LANGUAGE_STANDARD = gnu11;
				GCC_NO_COMMON_BLOCKS = YES;
				GCC_WARN_64_TO_32_BIT_CONVERSION = YES;
				GCC_WARN_ABOUT_RETURN_TYPE = YES_ERROR;
				GCC_WARN_UNDECLARED_SELECTOR = YES;
				GCC_WARN_UNINITIALIZED_AUTOS = YES_AGGRESSIVE;
				GCC_WARN_UNUSED_FUNCTION = YES;
				GCC_WARN_UNUSED_VARIABLE = YES;
				IPHONEOS_DEPLOYMENT_TARGET = 15.2;
				MTL_ENABLE_DEBUG_INFO = NO;
				MTL_FAST_MATH = YES;
				SDKROOT = iphoneos;
				SWIFT_COMPILATION_MODE = wholemodule;
				SWIFT_OPTIMIZATION_LEVEL = "-O";
				VALIDATE_PRODUCT = YES;
			};
			name = Release;
		};
		63CAD09029763726003F96FD /* Debug */ = {
			isa = XCBuildConfiguration;
			buildSettings = {
				ASSETCATALOG_COMPILER_APPICON_NAME = AppIcon;
				ASSETCATALOG_COMPILER_GLOBAL_ACCENT_COLOR_NAME = AccentColor;
				CODE_SIGN_STYLE = Automatic;
				CURRENT_PROJECT_VERSION = 1;
				DEVELOPMENT_TEAM = WV8ZN37WK4;
				GENERATE_INFOPLIST_FILE = YES;
				INFOPLIST_FILE = WeatherOfCities/Info.plist;
				INFOPLIST_KEY_UIApplicationSupportsIndirectInputEvents = YES;
				INFOPLIST_KEY_UILaunchStoryboardName = LaunchScreen;
				INFOPLIST_KEY_UIMainStoryboardFile = Main;
				INFOPLIST_KEY_UISupportedInterfaceOrientations = UIInterfaceOrientationPortrait;
				INFOPLIST_KEY_UISupportedInterfaceOrientations_iPad = "UIInterfaceOrientationPortrait UIInterfaceOrientationPortraitUpsideDown UIInterfaceOrientationLandscapeLeft UIInterfaceOrientationLandscapeRight";
				INFOPLIST_KEY_UISupportedInterfaceOrientations_iPhone = "UIInterfaceOrientationPortrait UIInterfaceOrientationLandscapeLeft UIInterfaceOrientationLandscapeRight";
				LD_RUNPATH_SEARCH_PATHS = (
					"$(inherited)",
					"@executable_path/Frameworks",
				);
				MARKETING_VERSION = 1.0;
				PRODUCT_BUNDLE_IDENTIFIER = ru.swiftme.WeatherOfCities;
				PRODUCT_NAME = "$(TARGET_NAME)";
				SWIFT_EMIT_LOC_STRINGS = YES;
				SWIFT_VERSION = 5.0;
				TARGETED_DEVICE_FAMILY = 1;
			};
			name = Debug;
		};
		63CAD09129763726003F96FD /* Release */ = {
			isa = XCBuildConfiguration;
			buildSettings = {
				ASSETCATALOG_COMPILER_APPICON_NAME = AppIcon;
				ASSETCATALOG_COMPILER_GLOBAL_ACCENT_COLOR_NAME = AccentColor;
				CODE_SIGN_STYLE = Automatic;
				CURRENT_PROJECT_VERSION = 1;
				DEVELOPMENT_TEAM = WV8ZN37WK4;
				GENERATE_INFOPLIST_FILE = YES;
				INFOPLIST_FILE = WeatherOfCities/Info.plist;
				INFOPLIST_KEY_UIApplicationSupportsIndirectInputEvents = YES;
				INFOPLIST_KEY_UILaunchStoryboardName = LaunchScreen;
				INFOPLIST_KEY_UIMainStoryboardFile = Main;
				INFOPLIST_KEY_UISupportedInterfaceOrientations = UIInterfaceOrientationPortrait;
				INFOPLIST_KEY_UISupportedInterfaceOrientations_iPad = "UIInterfaceOrientationPortrait UIInterfaceOrientationPortraitUpsideDown UIInterfaceOrientationLandscapeLeft UIInterfaceOrientationLandscapeRight";
				INFOPLIST_KEY_UISupportedInterfaceOrientations_iPhone = "UIInterfaceOrientationPortrait UIInterfaceOrientationLandscapeLeft UIInterfaceOrientationLandscapeRight";
				LD_RUNPATH_SEARCH_PATHS = (
					"$(inherited)",
					"@executable_path/Frameworks",
				);
				MARKETING_VERSION = 1.0;
				PRODUCT_BUNDLE_IDENTIFIER = ru.swiftme.WeatherOfCities;
				PRODUCT_NAME = "$(TARGET_NAME)";
				SWIFT_EMIT_LOC_STRINGS = YES;
				SWIFT_VERSION = 5.0;
				TARGETED_DEVICE_FAMILY = 1;
			};
			name = Release;
		};
/* End XCBuildConfiguration section */

/* Begin XCConfigurationList section */
		63CAD07629763724003F96FD /* Build configuration list for PBXProject "WeatherOfCities" */ = {
			isa = XCConfigurationList;
			buildConfigurations = (
				63CAD08D29763726003F96FD /* Debug */,
				63CAD08E29763726003F96FD /* Release */,
			);
			defaultConfigurationIsVisible = 0;
			defaultConfigurationName = Release;
		};
		63CAD08F29763726003F96FD /* Build configuration list for PBXNativeTarget "WeatherOfCities" */ = {
			isa = XCConfigurationList;
			buildConfigurations = (
				63CAD09029763726003F96FD /* Debug */,
				63CAD09129763726003F96FD /* Release */,
			);
			defaultConfigurationIsVisible = 0;
			defaultConfigurationName = Release;
		};
/* End XCConfigurationList section */
	};
	rootObject = 63CAD07329763724003F96FD /* Project object */;
}
